// !$*UTF8*$!
{
	archiveVersion = 1;
	classes = {
	};
	objectVersion = 56;
	objects = {

/* Begin PBXBuildFile section */
		F6BB40F229971803004CED50 /* UserManager.swift in Sources */ = {isa = PBXBuildFile; fileRef = F6BB40F129971803004CED50 /* UserManager.swift */; };
		F6BB40F5299718EC004CED50 /* UserProfile.swift in Sources */ = {isa = PBXBuildFile; fileRef = F6BB40F4299718EC004CED50 /* UserProfile.swift */; };
		F6BB40F72997C96B004CED50 /* IncomeModel.swift in Sources */ = {isa = PBXBuildFile; fileRef = F6BB40F62997C96A004CED50 /* IncomeModel.swift */; };
		F6BB40F92997C9FE004CED50 /* PaymentModel.swift in Sources */ = {isa = PBXBuildFile; fileRef = F6BB40F82997C9FE004CED50 /* PaymentModel.swift */; };
		F6BB40FB2997CA62004CED50 /* ExpensesCategoryModel.swift in Sources */ = {isa = PBXBuildFile; fileRef = F6BB40FA2997CA62004CED50 /* ExpensesCategoryModel.swift */; };
		F6BB40FD2997CAD7004CED50 /* ExpensesModel.swift in Sources */ = {isa = PBXBuildFile; fileRef = F6BB40FC2997CAD7004CED50 /* ExpensesModel.swift */; };
		F6E2D7AA298579F400D4A214 /* AppDelegate.swift in Sources */ = {isa = PBXBuildFile; fileRef = F6E2D7A9298579F400D4A214 /* AppDelegate.swift */; };
		F6E2D7AC298579F400D4A214 /* SceneDelegate.swift in Sources */ = {isa = PBXBuildFile; fileRef = F6E2D7AB298579F400D4A214 /* SceneDelegate.swift */; };
		F6E2D7AE298579F400D4A214 /* TabBarController.swift in Sources */ = {isa = PBXBuildFile; fileRef = F6E2D7AD298579F400D4A214 /* TabBarController.swift */; };
		F6E2D7B3298579F500D4A214 /* Assets.xcassets in Resources */ = {isa = PBXBuildFile; fileRef = F6E2D7B2298579F500D4A214 /* Assets.xcassets */; };
		F6E2D7B6298579F500D4A214 /* LaunchScreen.storyboard in Resources */ = {isa = PBXBuildFile; fileRef = F6E2D7B4298579F500D4A214 /* LaunchScreen.storyboard */; };
		F6E2D7C129857BD500D4A214 /* SnapKit in Frameworks */ = {isa = PBXBuildFile; productRef = F6E2D7C029857BD500D4A214 /* SnapKit */; };
		F6E2D7C429857FD900D4A214 /* HomeViewController.swift in Sources */ = {isa = PBXBuildFile; fileRef = F6E2D7C329857FD900D4A214 /* HomeViewController.swift */; };
		F6E2D7C62985803B00D4A214 /* ExpenseScheduleViewController.swift in Sources */ = {isa = PBXBuildFile; fileRef = F6E2D7C52985803B00D4A214 /* ExpenseScheduleViewController.swift */; };
		F6E2D7C8298580A600D4A214 /* ExpenseCategoriesViewController.swift in Sources */ = {isa = PBXBuildFile; fileRef = F6E2D7C7298580A600D4A214 /* ExpenseCategoriesViewController.swift */; };
		F6E2D7CA2985810600D4A214 /* PaymentScheduleViewController.swift in Sources */ = {isa = PBXBuildFile; fileRef = F6E2D7C92985810600D4A214 /* PaymentScheduleViewController.swift */; };
		F6E2D7CD2985841900D4A214 /* UIView+ext.swift in Sources */ = {isa = PBXBuildFile; fileRef = F6E2D7CC2985841900D4A214 /* UIView+ext.swift */; };
		F6E2D7D02985911500D4A214 /* GeneralInfoCell.swift in Sources */ = {isa = PBXBuildFile; fileRef = F6E2D7CF2985911500D4A214 /* GeneralInfoCell.swift */; };
		F6E2D7D22985A34C00D4A214 /* ExpensesCategoryCell.swift in Sources */ = {isa = PBXBuildFile; fileRef = F6E2D7D12985A34C00D4A214 /* ExpensesCategoryCell.swift */; };
		F6E2D7D42985AADE00D4A214 /* AddNameViewController.swift in Sources */ = {isa = PBXBuildFile; fileRef = F6E2D7D32985AADE00D4A214 /* AddNameViewController.swift */; };
		F6E2D7D62985C20000D4A214 /* AddNameCountViewController.swift in Sources */ = {isa = PBXBuildFile; fileRef = F6E2D7D52985C20000D4A214 /* AddNameCountViewController.swift */; };
		F6E2D7DD2985F08000D4A214 /* ExpenseIncomeCell.swift in Sources */ = {isa = PBXBuildFile; fileRef = F6E2D7DC2985F08000D4A214 /* ExpenseIncomeCell.swift */; };
/* End PBXBuildFile section */

/* Begin PBXFileReference section */
		F6BB40F129971803004CED50 /* UserManager.swift */ = {isa = PBXFileReference; lastKnownFileType = sourcecode.swift; path = UserManager.swift; sourceTree = "<group>"; };
		F6BB40F4299718EC004CED50 /* UserProfile.swift */ = {isa = PBXFileReference; lastKnownFileType = sourcecode.swift; path = UserProfile.swift; sourceTree = "<group>"; };
		F6BB40F62997C96A004CED50 /* IncomeModel.swift */ = {isa = PBXFileReference; lastKnownFileType = sourcecode.swift; path = IncomeModel.swift; sourceTree = "<group>"; };
		F6BB40F82997C9FE004CED50 /* PaymentModel.swift */ = {isa = PBXFileReference; lastKnownFileType = sourcecode.swift; path = PaymentModel.swift; sourceTree = "<group>"; };
		F6BB40FA2997CA62004CED50 /* ExpensesCategoryModel.swift */ = {isa = PBXFileReference; lastKnownFileType = sourcecode.swift; path = ExpensesCategoryModel.swift; sourceTree = "<group>"; };
		F6BB40FC2997CAD7004CED50 /* ExpensesModel.swift */ = {isa = PBXFileReference; lastKnownFileType = sourcecode.swift; path = ExpensesModel.swift; sourceTree = "<group>"; };
		F6E2D7A6298579F400D4A214 /* Cost-Accounting-Application.app */ = {isa = PBXFileReference; explicitFileType = wrapper.application; includeInIndex = 0; path = "Cost-Accounting-Application.app"; sourceTree = BUILT_PRODUCTS_DIR; };
		F6E2D7A9298579F400D4A214 /* AppDelegate.swift */ = {isa = PBXFileReference; lastKnownFileType = sourcecode.swift; path = AppDelegate.swift; sourceTree = "<group>"; };
		F6E2D7AB298579F400D4A214 /* SceneDelegate.swift */ = {isa = PBXFileReference; lastKnownFileType = sourcecode.swift; path = SceneDelegate.swift; sourceTree = "<group>"; };
		F6E2D7AD298579F400D4A214 /* TabBarController.swift */ = {isa = PBXFileReference; lastKnownFileType = sourcecode.swift; path = TabBarController.swift; sourceTree = "<group>"; };
		F6E2D7B2298579F500D4A214 /* Assets.xcassets */ = {isa = PBXFileReference; lastKnownFileType = folder.assetcatalog; path = Assets.xcassets; sourceTree = "<group>"; };
		F6E2D7B5298579F500D4A214 /* Base */ = {isa = PBXFileReference; lastKnownFileType = file.storyboard; name = Base; path = Base.lproj/LaunchScreen.storyboard; sourceTree = "<group>"; };
		F6E2D7B7298579F500D4A214 /* Info.plist */ = {isa = PBXFileReference; lastKnownFileType = text.plist.xml; path = Info.plist; sourceTree = "<group>"; };
		F6E2D7C329857FD900D4A214 /* HomeViewController.swift */ = {isa = PBXFileReference; lastKnownFileType = sourcecode.swift; path = HomeViewController.swift; sourceTree = "<group>"; };
		F6E2D7C52985803B00D4A214 /* ExpenseScheduleViewController.swift */ = {isa = PBXFileReference; lastKnownFileType = sourcecode.swift; path = ExpenseScheduleViewController.swift; sourceTree = "<group>"; };
		F6E2D7C7298580A600D4A214 /* ExpenseCategoriesViewController.swift */ = {isa = PBXFileReference; lastKnownFileType = sourcecode.swift; path = ExpenseCategoriesViewController.swift; sourceTree = "<group>"; };
		F6E2D7C92985810600D4A214 /* PaymentScheduleViewController.swift */ = {isa = PBXFileReference; lastKnownFileType = sourcecode.swift; path = PaymentScheduleViewController.swift; sourceTree = "<group>"; };
		F6E2D7CC2985841900D4A214 /* UIView+ext.swift */ = {isa = PBXFileReference; lastKnownFileType = sourcecode.swift; path = "UIView+ext.swift"; sourceTree = "<group>"; };
		F6E2D7CF2985911500D4A214 /* GeneralInfoCell.swift */ = {isa = PBXFileReference; lastKnownFileType = sourcecode.swift; path = GeneralInfoCell.swift; sourceTree = "<group>"; };
		F6E2D7D12985A34C00D4A214 /* ExpensesCategoryCell.swift */ = {isa = PBXFileReference; lastKnownFileType = sourcecode.swift; path = ExpensesCategoryCell.swift; sourceTree = "<group>"; };
		F6E2D7D32985AADE00D4A214 /* AddNameViewController.swift */ = {isa = PBXFileReference; lastKnownFileType = sourcecode.swift; path = AddNameViewController.swift; sourceTree = "<group>"; };
		F6E2D7D52985C20000D4A214 /* AddNameCountViewController.swift */ = {isa = PBXFileReference; lastKnownFileType = sourcecode.swift; path = AddNameCountViewController.swift; sourceTree = "<group>"; };
		F6E2D7DC2985F08000D4A214 /* ExpenseIncomeCell.swift */ = {isa = PBXFileReference; lastKnownFileType = sourcecode.swift; path = ExpenseIncomeCell.swift; sourceTree = "<group>"; };
/* End PBXFileReference section */

/* Begin PBXFrameworksBuildPhase section */
		F6E2D7A3298579F400D4A214 /* Frameworks */ = {
			isa = PBXFrameworksBuildPhase;
			buildActionMask = 2147483647;
			files = (
				F6E2D7C129857BD500D4A214 /* SnapKit in Frameworks */,
			);
			runOnlyForDeploymentPostprocessing = 0;
		};
/* End PBXFrameworksBuildPhase section */

/* Begin PBXGroup section */
		F6BB40F0299717ED004CED50 /* Models */ = {
			isa = PBXGroup;
			children = (
				F6BB40F4299718EC004CED50 /* UserProfile.swift */,
				F6BB40F62997C96A004CED50 /* IncomeModel.swift */,
				F6BB40FA2997CA62004CED50 /* ExpensesCategoryModel.swift */,
				F6BB40FC2997CAD7004CED50 /* ExpensesModel.swift */,
				F6BB40F82997C9FE004CED50 /* PaymentModel.swift */,
			);
			path = Models;
			sourceTree = "<group>";
		};
		F6BB40F329971869004CED50 /* Managers */ = {
			isa = PBXGroup;
			children = (
				F6BB40F129971803004CED50 /* UserManager.swift */,
			);
			path = Managers;
			sourceTree = "<group>";
		};
		F6E2D79D298579F400D4A214 = {
			isa = PBXGroup;
			children = (
				F6E2D7A8298579F400D4A214 /* Cost-Accounting-Application */,
				F6E2D7A7298579F400D4A214 /* Products */,
			);
			sourceTree = "<group>";
		};
		F6E2D7A7298579F400D4A214 /* Products */ = {
			isa = PBXGroup;
			children = (
				F6E2D7A6298579F400D4A214 /* Cost-Accounting-Application.app */,
			);
			name = Products;
			sourceTree = "<group>";
		};
		F6E2D7A8298579F400D4A214 /* Cost-Accounting-Application */ = {
			isa = PBXGroup;
			children = (
				F6BB40F329971869004CED50 /* Managers */,
				F6BB40F0299717ED004CED50 /* Models */,
				F6E2D7C229857DD100D4A214 /* Views */,
				F6E2D7BD29857A6F00D4A214 /* Controllers */,
				F6E2D7BE29857A8D00D4A214 /* Resources */,
				F6E2D7CB298583F600D4A214 /* Extensions */,
			);
			path = "Cost-Accounting-Application";
			sourceTree = "<group>";
		};
		F6E2D7BD29857A6F00D4A214 /* Controllers */ = {
			isa = PBXGroup;
			children = (
				F6E2D7D92985CFA000D4A214 /* UserAdds */,
				F6E2D7D82985CF7B00D4A214 /* Core */,
				F6E2D7C7298580A600D4A214 /* ExpenseCategoriesViewController.swift */,
			);
			path = Controllers;
			sourceTree = "<group>";
		};
		F6E2D7BE29857A8D00D4A214 /* Resources */ = {
			isa = PBXGroup;
			children = (
				F6E2D7A9298579F400D4A214 /* AppDelegate.swift */,
				F6E2D7AB298579F400D4A214 /* SceneDelegate.swift */,
				F6E2D7B2298579F500D4A214 /* Assets.xcassets */,
				F6E2D7B4298579F500D4A214 /* LaunchScreen.storyboard */,
				F6E2D7B7298579F500D4A214 /* Info.plist */,
			);
			path = Resources;
			sourceTree = "<group>";
		};
		F6E2D7C229857DD100D4A214 /* Views */ = {
			isa = PBXGroup;
			children = (
				F6E2D7DA2985EFF600D4A214 /* ExpenseIncome */,
				F6E2D7D72985CF4900D4A214 /* Home */,
			);
			path = Views;
			sourceTree = "<group>";
		};
		F6E2D7CB298583F600D4A214 /* Extensions */ = {
			isa = PBXGroup;
			children = (
				F6E2D7CC2985841900D4A214 /* UIView+ext.swift */,
			);
			path = Extensions;
			sourceTree = "<group>";
		};
		F6E2D7CE298590E100D4A214 /* Cells */ = {
			isa = PBXGroup;
			children = (
				F6E2D7CF2985911500D4A214 /* GeneralInfoCell.swift */,
				F6E2D7D12985A34C00D4A214 /* ExpensesCategoryCell.swift */,
			);
			path = Cells;
			sourceTree = "<group>";
		};
		F6E2D7D72985CF4900D4A214 /* Home */ = {
			isa = PBXGroup;
			children = (
				F6E2D7CE298590E100D4A214 /* Cells */,
			);
			path = Home;
			sourceTree = "<group>";
		};
		F6E2D7D82985CF7B00D4A214 /* Core */ = {
			isa = PBXGroup;
			children = (
				F6E2D7C329857FD900D4A214 /* HomeViewController.swift */,
				F6E2D7C52985803B00D4A214 /* ExpenseScheduleViewController.swift */,
				F6E2D7C92985810600D4A214 /* PaymentScheduleViewController.swift */,
				F6E2D7AD298579F400D4A214 /* TabBarController.swift */,
			);
			path = Core;
			sourceTree = "<group>";
		};
		F6E2D7D92985CFA000D4A214 /* UserAdds */ = {
			isa = PBXGroup;
			children = (
				F6E2D7D32985AADE00D4A214 /* AddNameViewController.swift */,
				F6E2D7D52985C20000D4A214 /* AddNameCountViewController.swift */,
			);
			path = UserAdds;
			sourceTree = "<group>";
		};
		F6E2D7DA2985EFF600D4A214 /* ExpenseIncome */ = {
			isa = PBXGroup;
			children = (
				F6E2D7DB2985F03500D4A214 /* Cells */,
			);
			path = ExpenseIncome;
			sourceTree = "<group>";
		};
		F6E2D7DB2985F03500D4A214 /* Cells */ = {
			isa = PBXGroup;
			children = (
				F6E2D7DC2985F08000D4A214 /* ExpenseIncomeCell.swift */,
			);
			path = Cells;
			sourceTree = "<group>";
		};
/* End PBXGroup section */

/* Begin PBXNativeTarget section */
		F6E2D7A5298579F400D4A214 /* Cost-Accounting-Application */ = {
			isa = PBXNativeTarget;
			buildConfigurationList = F6E2D7BA298579F500D4A214 /* Build configuration list for PBXNativeTarget "Cost-Accounting-Application" */;
			buildPhases = (
				F6E2D7A2298579F400D4A214 /* Sources */,
				F6E2D7A3298579F400D4A214 /* Frameworks */,
				F6E2D7A4298579F400D4A214 /* Resources */,
			);
			buildRules = (
			);
			dependencies = (
			);
			name = "Cost-Accounting-Application";
			packageProductDependencies = (
				F6E2D7C029857BD500D4A214 /* SnapKit */,
			);
			productName = "Cost-Accounting-Application";
			productReference = F6E2D7A6298579F400D4A214 /* Cost-Accounting-Application.app */;
			productType = "com.apple.product-type.application";
		};
/* End PBXNativeTarget section */

/* Begin PBXProject section */
		F6E2D79E298579F400D4A214 /* Project object */ = {
			isa = PBXProject;
			attributes = {
				BuildIndependentTargetsInParallel = 1;
				LastSwiftUpdateCheck = 1420;
				LastUpgradeCheck = 1420;
				TargetAttributes = {
					F6E2D7A5298579F400D4A214 = {
						CreatedOnToolsVersion = 14.2;
					};
				};
			};
			buildConfigurationList = F6E2D7A1298579F400D4A214 /* Build configuration list for PBXProject "Cost-Accounting-Application" */;
			compatibilityVersion = "Xcode 14.0";
			developmentRegion = en;
			hasScannedForEncodings = 0;
			knownRegions = (
				en,
				Base,
			);
			mainGroup = F6E2D79D298579F400D4A214;
			packageReferences = (
				F6E2D7BF29857BD500D4A214 /* XCRemoteSwiftPackageReference "SnapKit" */,
			);
			productRefGroup = F6E2D7A7298579F400D4A214 /* Products */;
			projectDirPath = "";
			projectRoot = "";
			targets = (
				F6E2D7A5298579F400D4A214 /* Cost-Accounting-Application */,
			);
		};
/* End PBXProject section */

/* Begin PBXResourcesBuildPhase section */
		F6E2D7A4298579F400D4A214 /* Resources */ = {
			isa = PBXResourcesBuildPhase;
			buildActionMask = 2147483647;
			files = (
				F6E2D7B6298579F500D4A214 /* LaunchScreen.storyboard in Resources */,
				F6E2D7B3298579F500D4A214 /* Assets.xcassets in Resources */,
			);
			runOnlyForDeploymentPostprocessing = 0;
		};
/* End PBXResourcesBuildPhase section */

/* Begin PBXSourcesBuildPhase section */
		F6E2D7A2298579F400D4A214 /* Sources */ = {
			isa = PBXSourcesBuildPhase;
			buildActionMask = 2147483647;
			files = (
				F6E2D7DD2985F08000D4A214 /* ExpenseIncomeCell.swift in Sources */,
				F6E2D7CD2985841900D4A214 /* UIView+ext.swift in Sources */,
				F6BB40FB2997CA62004CED50 /* ExpensesCategoryModel.swift in Sources */,
				F6BB40FD2997CAD7004CED50 /* ExpensesModel.swift in Sources */,
				F6BB40F5299718EC004CED50 /* UserProfile.swift in Sources */,
				F6BB40F229971803004CED50 /* UserManager.swift in Sources */,
				F6E2D7C62985803B00D4A214 /* ExpenseScheduleViewController.swift in Sources */,
				F6E2D7D22985A34C00D4A214 /* ExpensesCategoryCell.swift in Sources */,
				F6E2D7C8298580A600D4A214 /* ExpenseCategoriesViewController.swift in Sources */,
				F6E2D7AE298579F400D4A214 /* TabBarController.swift in Sources */,
				F6BB40F72997C96B004CED50 /* IncomeModel.swift in Sources */,
				F6E2D7CA2985810600D4A214 /* PaymentScheduleViewController.swift in Sources */,
				F6E2D7AA298579F400D4A214 /* AppDelegate.swift in Sources */,
				F6E2D7AC298579F400D4A214 /* SceneDelegate.swift in Sources */,
				F6E2D7D02985911500D4A214 /* GeneralInfoCell.swift in Sources */,
				F6E2D7C429857FD900D4A214 /* HomeViewController.swift in Sources */,
				F6BB40F92997C9FE004CED50 /* PaymentModel.swift in Sources */,
				F6E2D7D62985C20000D4A214 /* AddNameCountViewController.swift in Sources */,
				F6E2D7D42985AADE00D4A214 /* AddNameViewController.swift in Sources */,
			);
			runOnlyForDeploymentPostprocessing = 0;
		};
/* End PBXSourcesBuildPhase section */

/* Begin PBXVariantGroup section */
		F6E2D7B4298579F500D4A214 /* LaunchScreen.storyboard */ = {
			isa = PBXVariantGroup;
			children = (
				F6E2D7B5298579F500D4A214 /* Base */,
			);
			name = LaunchScreen.storyboard;
			sourceTree = "<group>";
		};
/* End PBXVariantGroup section */

/* Begin XCBuildConfiguration section */
		F6E2D7B8298579F500D4A214 /* Debug */ = {
			isa = XCBuildConfiguration;
			buildSettings = {
				ALWAYS_SEARCH_USER_PATHS = NO;
				CLANG_ANALYZER_NONNULL = YES;
				CLANG_ANALYZER_NUMBER_OBJECT_CONVERSION = YES_AGGRESSIVE;
				CLANG_CXX_LANGUAGE_STANDARD = "gnu++20";
				CLANG_ENABLE_MODULES = YES;
				CLANG_ENABLE_OBJC_ARC = YES;
				CLANG_ENABLE_OBJC_WEAK = YES;
				CLANG_WARN_BLOCK_CAPTURE_AUTORELEASING = YES;
				CLANG_WARN_BOOL_CONVERSION = YES;
				CLANG_WARN_COMMA = YES;
				CLANG_WARN_CONSTANT_CONVERSION = YES;
				CLANG_WARN_DEPRECATED_OBJC_IMPLEMENTATIONS = YES;
				CLANG_WARN_DIRECT_OBJC_ISA_USAGE = YES_ERROR;
				CLANG_WARN_DOCUMENTATION_COMMENTS = YES;
				CLANG_WARN_EMPTY_BODY = YES;
				CLANG_WARN_ENUM_CONVERSION = YES;
				CLANG_WARN_INFINITE_RECURSION = YES;
				CLANG_WARN_INT_CONVERSION = YES;
				CLANG_WARN_NON_LITERAL_NULL_CONVERSION = YES;
				CLANG_WARN_OBJC_IMPLICIT_RETAIN_SELF = YES;
				CLANG_WARN_OBJC_LITERAL_CONVERSION = YES;
				CLANG_WARN_OBJC_ROOT_CLASS = YES_ERROR;
				CLANG_WARN_QUOTED_INCLUDE_IN_FRAMEWORK_HEADER = YES;
				CLANG_WARN_RANGE_LOOP_ANALYSIS = YES;
				CLANG_WARN_STRICT_PROTOTYPES = YES;
				CLANG_WARN_SUSPICIOUS_MOVE = YES;
				CLANG_WARN_UNGUARDED_AVAILABILITY = YES_AGGRESSIVE;
				CLANG_WARN_UNREACHABLE_CODE = YES;
				CLANG_WARN__DUPLICATE_METHOD_MATCH = YES;
				COPY_PHASE_STRIP = NO;
				DEBUG_INFORMATION_FORMAT = dwarf;
				ENABLE_STRICT_OBJC_MSGSEND = YES;
				ENABLE_TESTABILITY = YES;
				GCC_C_LANGUAGE_STANDARD = gnu11;
				GCC_DYNAMIC_NO_PIC = NO;
				GCC_NO_COMMON_BLOCKS = YES;
				GCC_OPTIMIZATION_LEVEL = 0;
				GCC_PREPROCESSOR_DEFINITIONS = (
					"DEBUG=1",
					"$(inherited)",
				);
				GCC_WARN_64_TO_32_BIT_CONVERSION = YES;
				GCC_WARN_ABOUT_RETURN_TYPE = YES_ERROR;
				GCC_WARN_UNDECLARED_SELECTOR = YES;
				GCC_WARN_UNINITIALIZED_AUTOS = YES_AGGRESSIVE;
				GCC_WARN_UNUSED_FUNCTION = YES;
				GCC_WARN_UNUSED_VARIABLE = YES;
				IPHONEOS_DEPLOYMENT_TARGET = 16.2;
				MTL_ENABLE_DEBUG_INFO = INCLUDE_SOURCE;
				MTL_FAST_MATH = YES;
				ONLY_ACTIVE_ARCH = YES;
				SDKROOT = iphoneos;
				SWIFT_ACTIVE_COMPILATION_CONDITIONS = DEBUG;
				SWIFT_OPTIMIZATION_LEVEL = "-Onone";
			};
			name = Debug;
		};
		F6E2D7B9298579F500D4A214 /* Release */ = {
			isa = XCBuildConfiguration;
			buildSettings = {
				ALWAYS_SEARCH_USER_PATHS = NO;
				CLANG_ANALYZER_NONNULL = YES;
				CLANG_ANALYZER_NUMBER_OBJECT_CONVERSION = YES_AGGRESSIVE;
				CLANG_CXX_LANGUAGE_STANDARD = "gnu++20";
				CLANG_ENABLE_MODULES = YES;
				CLANG_ENABLE_OBJC_ARC = YES;
				CLANG_ENABLE_OBJC_WEAK = YES;
				CLANG_WARN_BLOCK_CAPTURE_AUTORELEASING = YES;
				CLANG_WARN_BOOL_CONVERSION = YES;
				CLANG_WARN_COMMA = YES;
				CLANG_WARN_CONSTANT_CONVERSION = YES;
				CLANG_WARN_DEPRECATED_OBJC_IMPLEMENTATIONS = YES;
				CLANG_WARN_DIRECT_OBJC_ISA_USAGE = YES_ERROR;
				CLANG_WARN_DOCUMENTATION_COMMENTS = YES;
				CLANG_WARN_EMPTY_BODY = YES;
				CLANG_WARN_ENUM_CONVERSION = YES;
				CLANG_WARN_INFINITE_RECURSION = YES;
				CLANG_WARN_INT_CONVERSION = YES;
				CLANG_WARN_NON_LITERAL_NULL_CONVERSION = YES;
				CLANG_WARN_OBJC_IMPLICIT_RETAIN_SELF = YES;
				CLANG_WARN_OBJC_LITERAL_CONVERSION = YES;
				CLANG_WARN_OBJC_ROOT_CLASS = YES_ERROR;
				CLANG_WARN_QUOTED_INCLUDE_IN_FRAMEWORK_HEADER = YES;
				CLANG_WARN_RANGE_LOOP_ANALYSIS = YES;
				CLANG_WARN_STRICT_PROTOTYPES = YES;
				CLANG_WARN_SUSPICIOUS_MOVE = YES;
				CLANG_WARN_UNGUARDED_AVAILABILITY = YES_AGGRESSIVE;
				CLANG_WARN_UNREACHABLE_CODE = YES;
				CLANG_WARN__DUPLICATE_METHOD_MATCH = YES;
				COPY_PHASE_STRIP = NO;
				DEBUG_INFORMATION_FORMAT = "dwarf-with-dsym";
				ENABLE_NS_ASSERTIONS = NO;
				ENABLE_STRICT_OBJC_MSGSEND = YES;
				GCC_C_LANGUAGE_STANDARD = gnu11;
				GCC_NO_COMMON_BLOCKS = YES;
				GCC_WARN_64_TO_32_BIT_CONVERSION = YES;
				GCC_WARN_ABOUT_RETURN_TYPE = YES_ERROR;
				GCC_WARN_UNDECLARED_SELECTOR = YES;
				GCC_WARN_UNINITIALIZED_AUTOS = YES_AGGRESSIVE;
				GCC_WARN_UNUSED_FUNCTION = YES;
				GCC_WARN_UNUSED_VARIABLE = YES;
				IPHONEOS_DEPLOYMENT_TARGET = 16.2;
				MTL_ENABLE_DEBUG_INFO = NO;
				MTL_FAST_MATH = YES;
				SDKROOT = iphoneos;
				SWIFT_COMPILATION_MODE = wholemodule;
				SWIFT_OPTIMIZATION_LEVEL = "-O";
				VALIDATE_PRODUCT = YES;
			};
			name = Release;
		};
		F6E2D7BB298579F500D4A214 /* Debug */ = {
			isa = XCBuildConfiguration;
			buildSettings = {
				ASSETCATALOG_COMPILER_APPICON_NAME = AppIcon;
				ASSETCATALOG_COMPILER_GLOBAL_ACCENT_COLOR_NAME = AccentColor;
				CODE_SIGN_STYLE = Automatic;
				CURRENT_PROJECT_VERSION = 1;
				DEVELOPMENT_TEAM = CJAQY24NC2;
				GENERATE_INFOPLIST_FILE = YES;
				INFOPLIST_FILE = "Cost-Accounting-Application/Resources/Info.plist";
				INFOPLIST_KEY_CFBundleDisplayName = "My Money";
				INFOPLIST_KEY_UIApplicationSupportsIndirectInputEvents = YES;
				INFOPLIST_KEY_UILaunchStoryboardName = LaunchScreen;
				INFOPLIST_KEY_UIMainStoryboardFile = "";
				INFOPLIST_KEY_UISupportedInterfaceOrientations = UIInterfaceOrientationPortrait;
				INFOPLIST_KEY_UISupportedInterfaceOrientations_iPad = "UIInterfaceOrientationLandscapeLeft UIInterfaceOrientationLandscapeRight UIInterfaceOrientationPortrait UIInterfaceOrientationPortraitUpsideDown";
				LD_RUNPATH_SEARCH_PATHS = (
					"$(inherited)",
					"@executable_path/Frameworks",
				);
				MARKETING_VERSION = 1.0;
				PRODUCT_BUNDLE_IDENTIFIER = "AG.Cost-Accounting-Application";
				PRODUCT_NAME = "$(TARGET_NAME)";
				SUPPORTED_PLATFORMS = "iphoneos iphonesimulator";
				SUPPORTS_MACCATALYST = NO;
				SUPPORTS_MAC_DESIGNED_FOR_IPHONE_IPAD = NO;
				SWIFT_EMIT_LOC_STRINGS = YES;
				SWIFT_VERSION = 5.0;
				TARGETED_DEVICE_FAMILY = 1;
			};
			name = Debug;
		};
		F6E2D7BC298579F500D4A214 /* Release */ = {
			isa = XCBuildConfiguration;
			buildSettings = {
				ASSETCATALOG_COMPILER_APPICON_NAME = AppIcon;
				ASSETCATALOG_COMPILER_GLOBAL_ACCENT_COLOR_NAME = AccentColor;
				CODE_SIGN_STYLE = Automatic;
				CURRENT_PROJECT_VERSION = 1;
				DEVELOPMENT_TEAM = CJAQY24NC2;
				GENERATE_INFOPLIST_FILE = YES;
				INFOPLIST_FILE = "Cost-Accounting-Application/Resources/Info.plist";
				INFOPLIST_KEY_CFBundleDisplayName = "My Money";
				INFOPLIST_KEY_UIApplicationSupportsIndirectInputEvents = YES;
				INFOPLIST_KEY_UILaunchStoryboardName = LaunchScreen;
				INFOPLIST_KEY_UIMainStoryboardFile = "";
				INFOPLIST_KEY_UISupportedInterfaceOrientations = UIInterfaceOrientationPortrait;
				INFOPLIST_KEY_UISupportedInterfaceOrientations_iPad = "UIInterfaceOrientationLandscapeLeft UIInterfaceOrientationLandscapeRight UIInterfaceOrientationPortrait UIInterfaceOrientationPortraitUpsideDown";
				LD_RUNPATH_SEARCH_PATHS = (
					"$(inherited)",
					"@executable_path/Frameworks",
				);
				MARKETING_VERSION = 1.0;
				PRODUCT_BUNDLE_IDENTIFIER = "AG.Cost-Accounting-Application";
				PRODUCT_NAME = "$(TARGET_NAME)";
				SUPPORTED_PLATFORMS = "iphoneos iphonesimulator";
				SUPPORTS_MACCATALYST = NO;
				SUPPORTS_MAC_DESIGNED_FOR_IPHONE_IPAD = NO;
				SWIFT_EMIT_LOC_STRINGS = YES;
				SWIFT_VERSION = 5.0;
				TARGETED_DEVICE_FAMILY = 1;
			};
			name = Release;
		};
/* End XCBuildConfiguration section */

/* Begin XCConfigurationList section */
		F6E2D7A1298579F400D4A214 /* Build configuration list for PBXProject "Cost-Accounting-Application" */ = {
			isa = XCConfigurationList;
			buildConfigurations = (
				F6E2D7B8298579F500D4A214 /* Debug */,
				F6E2D7B9298579F500D4A214 /* Release */,
			);
			defaultConfigurationIsVisible = 0;
			defaultConfigurationName = Release;
		};
		F6E2D7BA298579F500D4A214 /* Build configuration list for PBXNativeTarget "Cost-Accounting-Application" */ = {
			isa = XCConfigurationList;
			buildConfigurations = (
				F6E2D7BB298579F500D4A214 /* Debug */,
				F6E2D7BC298579F500D4A214 /* Release */,
			);
			defaultConfigurationIsVisible = 0;
			defaultConfigurationName = Release;
		};
/* End XCConfigurationList section */

/* Begin XCRemoteSwiftPackageReference section */
		F6E2D7BF29857BD500D4A214 /* XCRemoteSwiftPackageReference "SnapKit" */ = {
			isa = XCRemoteSwiftPackageReference;
			repositoryURL = "https://github.com/SnapKit/SnapKit.git";
			requirement = {
				kind = upToNextMajorVersion;
				minimumVersion = 5.0.0;
			};
		};
/* End XCRemoteSwiftPackageReference section */

/* Begin XCSwiftPackageProductDependency section */
		F6E2D7C029857BD500D4A214 /* SnapKit */ = {
			isa = XCSwiftPackageProductDependency;
			package = F6E2D7BF29857BD500D4A214 /* XCRemoteSwiftPackageReference "SnapKit" */;
			productName = SnapKit;
		};
/* End XCSwiftPackageProductDependency section */
	};
	rootObject = F6E2D79E298579F400D4A214 /* Project object */;
}
